// !$*UTF8*$!
{
	archiveVersion = 1;
	classes = {
	};
	objectVersion = 56;
	objects = {

/* Begin PBXBuildFile section */
		4BCB3AC32DC2CA6F004F173A /* resultView.swift in Sources */ = {isa = PBXBuildFile; fileRef = 4BCB3AC22DC2CA6F004F173A /* resultView.swift */; };
		4BD6A0762DC0243400BC98BB /* QuizAppApp.swift in Sources */ = {isa = PBXBuildFile; fileRef = 4BD6A0752DC0243400BC98BB /* QuizAppApp.swift */; };
		4BD6A0782DC0243400BC98BB /* ContentView.swift in Sources */ = {isa = PBXBuildFile; fileRef = 4BD6A0772DC0243400BC98BB /* ContentView.swift */; };
		4BD6A07A2DC0243700BC98BB /* Assets.xcassets in Resources */ = {isa = PBXBuildFile; fileRef = 4BD6A0792DC0243700BC98BB /* Assets.xcassets */; };
		4BD6A07D2DC0243700BC98BB /* Preview Assets.xcassets in Resources */ = {isa = PBXBuildFile; fileRef = 4BD6A07C2DC0243700BC98BB /* Preview Assets.xcassets */; };
		4BD6A0872DC0243800BC98BB /* QuizAppTests.swift in Sources */ = {isa = PBXBuildFile; fileRef = 4BD6A0862DC0243800BC98BB /* QuizAppTests.swift */; };
		4BD6A0912DC0243800BC98BB /* QuizAppUITests.swift in Sources */ = {isa = PBXBuildFile; fileRef = 4BD6A0902DC0243800BC98BB /* QuizAppUITests.swift */; };
		4BD6A0932DC0243800BC98BB /* QuizAppUITestsLaunchTests.swift in Sources */ = {isa = PBXBuildFile; fileRef = 4BD6A0922DC0243800BC98BB /* QuizAppUITestsLaunchTests.swift */; };
		4BD6A0A02DC02CA900BC98BB /* quiz.jpeg in Resources */ = {isa = PBXBuildFile; fileRef = 4BD6A09F2DC02CA900BC98BB /* quiz.jpeg */; };
		4BD6A0A22DC02F2B00BC98BB /* quizView.swift in Sources */ = {isa = PBXBuildFile; fileRef = 4BD6A0A12DC02F2B00BC98BB /* quizView.swift */; };
		4BD6A0A42DC032AF00BC98BB /* quiz2.jpeg in Resources */ = {isa = PBXBuildFile; fileRef = 4BD6A0A32DC032AF00BC98BB /* quiz2.jpeg */; };
/* End PBXBuildFile section */

/* Begin PBXContainerItemProxy section */
		4BD6A0832DC0243800BC98BB /* PBXContainerItemProxy */ = {
			isa = PBXContainerItemProxy;
			containerPortal = 4BD6A06A2DC0243400BC98BB /* Project object */;
			proxyType = 1;
			remoteGlobalIDString = 4BD6A0712DC0243400BC98BB;
			remoteInfo = QuizApp;
		};
		4BD6A08D2DC0243800BC98BB /* PBXContainerItemProxy */ = {
			isa = PBXContainerItemProxy;
			containerPortal = 4BD6A06A2DC0243400BC98BB /* Project object */;
			proxyType = 1;
			remoteGlobalIDString = 4BD6A0712DC0243400BC98BB;
			remoteInfo = QuizApp;
		};
/* End PBXContainerItemProxy section */

/* Begin PBXFileReference section */
		4BCB3AC22DC2CA6F004F173A /* resultView.swift */ = {isa = PBXFileReference; lastKnownFileType = sourcecode.swift; path = resultView.swift; sourceTree = "<group>"; };
		4BD6A0722DC0243400BC98BB /* QuizApp.app */ = {isa = PBXFileReference; explicitFileType = wrapper.application; includeInIndex = 0; path = QuizApp.app; sourceTree = BUILT_PRODUCTS_DIR; };
		4BD6A0752DC0243400BC98BB /* QuizAppApp.swift */ = {isa = PBXFileReference; lastKnownFileType = sourcecode.swift; path = QuizAppApp.swift; sourceTree = "<group>"; };
		4BD6A0772DC0243400BC98BB /* ContentView.swift */ = {isa = PBXFileReference; lastKnownFileType = sourcecode.swift; path = ContentView.swift; sourceTree = "<group>"; };
		4BD6A0792DC0243700BC98BB /* Assets.xcassets */ = {isa = PBXFileReference; lastKnownFileType = folder.assetcatalog; path = Assets.xcassets; sourceTree = "<group>"; };
		4BD6A07C2DC0243700BC98BB /* Preview Assets.xcassets */ = {isa = PBXFileReference; lastKnownFileType = folder.assetcatalog; path = "Preview Assets.xcassets"; sourceTree = "<group>"; };
		4BD6A0822DC0243800BC98BB /* QuizAppTests.xctest */ = {isa = PBXFileReference; explicitFileType = wrapper.cfbundle; includeInIndex = 0; path = QuizAppTests.xctest; sourceTree = BUILT_PRODUCTS_DIR; };
		4BD6A0862DC0243800BC98BB /* QuizAppTests.swift */ = {isa = PBXFileReference; lastKnownFileType = sourcecode.swift; path = QuizAppTests.swift; sourceTree = "<group>"; };
		4BD6A08C2DC0243800BC98BB /* QuizAppUITests.xctest */ = {isa = PBXFileReference; explicitFileType = wrapper.cfbundle; includeInIndex = 0; path = QuizAppUITests.xctest; sourceTree = BUILT_PRODUCTS_DIR; };
		4BD6A0902DC0243800BC98BB /* QuizAppUITests.swift */ = {isa = PBXFileReference; lastKnownFileType = sourcecode.swift; path = QuizAppUITests.swift; sourceTree = "<group>"; };
		4BD6A0922DC0243800BC98BB /* QuizAppUITestsLaunchTests.swift */ = {isa = PBXFileReference; lastKnownFileType = sourcecode.swift; path = QuizAppUITestsLaunchTests.swift; sourceTree = "<group>"; };
		4BD6A09F2DC02CA900BC98BB /* quiz.jpeg */ = {isa = PBXFileReference; lastKnownFileType = image.jpeg; path = quiz.jpeg; sourceTree = "<group>"; };
		4BD6A0A12DC02F2B00BC98BB /* quizView.swift */ = {isa = PBXFileReference; lastKnownFileType = sourcecode.swift; path = quizView.swift; sourceTree = "<group>"; };
		4BD6A0A32DC032AF00BC98BB /* quiz2.jpeg */ = {isa = PBXFileReference; lastKnownFileType = image.jpeg; path = quiz2.jpeg; sourceTree = "<group>"; };
/* End PBXFileReference section */

/* Begin PBXFrameworksBuildPhase section */
		4BD6A06F2DC0243400BC98BB /* Frameworks */ = {
			isa = PBXFrameworksBuildPhase;
			buildActionMask = 2147483647;
			files = (
			);
			runOnlyForDeploymentPostprocessing = 0;
		};
		4BD6A07F2DC0243800BC98BB /* Frameworks */ = {
			isa = PBXFrameworksBuildPhase;
			buildActionMask = 2147483647;
			files = (
			);
			runOnlyForDeploymentPostprocessing = 0;
		};
		4BD6A0892DC0243800BC98BB /* Frameworks */ = {
			isa = PBXFrameworksBuildPhase;
			buildActionMask = 2147483647;
			files = (
			);
			runOnlyForDeploymentPostprocessing = 0;
		};
/* End PBXFrameworksBuildPhase section */

/* Begin PBXGroup section */
		4BD6A0692DC0243400BC98BB = {
			isa = PBXGroup;
			children = (
				4BD6A0742DC0243400BC98BB /* QuizApp */,
				4BD6A0852DC0243800BC98BB /* QuizAppTests */,
				4BD6A08F2DC0243800BC98BB /* QuizAppUITests */,
				4BD6A0732DC0243400BC98BB /* Products */,
			);
			sourceTree = "<group>";
		};
		4BD6A0732DC0243400BC98BB /* Products */ = {
			isa = PBXGroup;
			children = (
				4BD6A0722DC0243400BC98BB /* QuizApp.app */,
				4BD6A0822DC0243800BC98BB /* QuizAppTests.xctest */,
				4BD6A08C2DC0243800BC98BB /* QuizAppUITests.xctest */,
			);
			name = Products;
			sourceTree = "<group>";
		};
		4BD6A0742DC0243400BC98BB /* QuizApp */ = {
			isa = PBXGroup;
			children = (
				4BD6A0752DC0243400BC98BB /* QuizAppApp.swift */,
				4BD6A0772DC0243400BC98BB /* ContentView.swift */,
				4BD6A0A12DC02F2B00BC98BB /* quizView.swift */,
				4BCB3AC22DC2CA6F004F173A /* resultView.swift */,
				4BD6A0A32DC032AF00BC98BB /* quiz2.jpeg */,
				4BD6A09F2DC02CA900BC98BB /* quiz.jpeg */,
				4BD6A0792DC0243700BC98BB /* Assets.xcassets */,
				4BD6A07B2DC0243700BC98BB /* Preview Content */,
			);
			path = QuizApp;
			sourceTree = "<group>";
		};
		4BD6A07B2DC0243700BC98BB /* Preview Content */ = {
			isa = PBXGroup;
			children = (
				4BD6A07C2DC0243700BC98BB /* Preview Assets.xcassets */,
			);
			path = "Preview Content";
			sourceTree = "<group>";
		};
		4BD6A0852DC0243800BC98BB /* QuizAppTests */ = {
			isa = PBXGroup;
			children = (
				4BD6A0862DC0243800BC98BB /* QuizAppTests.swift */,
			);
			path = QuizAppTests;
			sourceTree = "<group>";
		};
		4BD6A08F2DC0243800BC98BB /* QuizAppUITests */ = {
			isa = PBXGroup;
			children = (
				4BD6A0902DC0243800BC98BB /* QuizAppUITests.swift */,
				4BD6A0922DC0243800BC98BB /* QuizAppUITestsLaunchTests.swift */,
			);
			path = QuizAppUITests;
			sourceTree = "<group>";
		};
/* End PBXGroup section */

/* Begin PBXNativeTarget section */
		4BD6A0712DC0243400BC98BB /* QuizApp */ = {
			isa = PBXNativeTarget;
			buildConfigurationList = 4BD6A0962DC0243800BC98BB /* Build configuration list for PBXNativeTarget "QuizApp" */;
			buildPhases = (
				4BD6A06E2DC0243400BC98BB /* Sources */,
				4BD6A06F2DC0243400BC98BB /* Frameworks */,
				4BD6A0702DC0243400BC98BB /* Resources */,
			);
			buildRules = (
			);
			dependencies = (
			);
			name = QuizApp;
			productName = QuizApp;
			productReference = 4BD6A0722DC0243400BC98BB /* QuizApp.app */;
			productType = "com.apple.product-type.application";
		};
		4BD6A0812DC0243800BC98BB /* QuizAppTests */ = {
			isa = PBXNativeTarget;
			buildConfigurationList = 4BD6A0992DC0243800BC98BB /* Build configuration list for PBXNativeTarget "QuizAppTests" */;
			buildPhases = (
				4BD6A07E2DC0243800BC98BB /* Sources */,
				4BD6A07F2DC0243800BC98BB /* Frameworks */,
				4BD6A0802DC0243800BC98BB /* Resources */,
			);
			buildRules = (
			);
			dependencies = (
				4BD6A0842DC0243800BC98BB /* PBXTargetDependency */,
			);
			name = QuizAppTests;
			productName = QuizAppTests;
			productReference = 4BD6A0822DC0243800BC98BB /* QuizAppTests.xctest */;
			productType = "com.apple.product-type.bundle.unit-test";
		};
		4BD6A08B2DC0243800BC98BB /* QuizAppUITests */ = {
			isa = PBXNativeTarget;
			buildConfigurationList = 4BD6A09C2DC0243800BC98BB /* Build configuration list for PBXNativeTarget "QuizAppUITests" */;
			buildPhases = (
				4BD6A0882DC0243800BC98BB /* Sources */,
				4BD6A0892DC0243800BC98BB /* Frameworks */,
				4BD6A08A2DC0243800BC98BB /* Resources */,
			);
			buildRules = (
			);
			dependencies = (
				4BD6A08E2DC0243800BC98BB /* PBXTargetDependency */,
			);
			name = QuizAppUITests;
			productName = QuizAppUITests;
			productReference = 4BD6A08C2DC0243800BC98BB /* QuizAppUITests.xctest */;
			productType = "com.apple.product-type.bundle.ui-testing";
		};
/* End PBXNativeTarget section */

/* Begin PBXProject section */
		4BD6A06A2DC0243400BC98BB /* Project object */ = {
			isa = PBXProject;
			attributes = {
				BuildIndependentTargetsInParallel = 1;
				LastSwiftUpdateCheck = 1510;
				LastUpgradeCheck = 1510;
				TargetAttributes = {
					4BD6A0712DC0243400BC98BB = {
						CreatedOnToolsVersion = 15.1;
					};
					4BD6A0812DC0243800BC98BB = {
						CreatedOnToolsVersion = 15.1;
						TestTargetID = 4BD6A0712DC0243400BC98BB;
					};
					4BD6A08B2DC0243800BC98BB = {
						CreatedOnToolsVersion = 15.1;
						TestTargetID = 4BD6A0712DC0243400BC98BB;
					};
				};
			};
			buildConfigurationList = 4BD6A06D2DC0243400BC98BB /* Build configuration list for PBXProject "QuizApp" */;
			compatibilityVersion = "Xcode 14.0";
			developmentRegion = en;
			hasScannedForEncodings = 0;
			knownRegions = (
				en,
				Base,
			);
			mainGroup = 4BD6A0692DC0243400BC98BB;
			productRefGroup = 4BD6A0732DC0243400BC98BB /* Products */;
			projectDirPath = "";
			projectRoot = "";
			targets = (
				4BD6A0712DC0243400BC98BB /* QuizApp */,
				4BD6A0812DC0243800BC98BB /* QuizAppTests */,
				4BD6A08B2DC0243800BC98BB /* QuizAppUITests */,
			);
		};
/* End PBXProject section */

/* Begin PBXResourcesBuildPhase section */
		4BD6A0702DC0243400BC98BB /* Resources */ = {
			isa = PBXResourcesBuildPhase;
			buildActionMask = 2147483647;
			files = (
				4BD6A07D2DC0243700BC98BB /* Preview Assets.xcassets in Resources */,
				4BD6A0A42DC032AF00BC98BB /* quiz2.jpeg in Resources */,
				4BD6A07A2DC0243700BC98BB /* Assets.xcassets in Resources */,
				4BD6A0A02DC02CA900BC98BB /* quiz.jpeg in Resources */,
			);
			runOnlyForDeploymentPostprocessing = 0;
		};
		4BD6A0802DC0243800BC98BB /* Resources */ = {
			isa = PBXResourcesBuildPhase;
			buildActionMask = 2147483647;
			files = (
			);
			runOnlyForDeploymentPostprocessing = 0;
		};
		4BD6A08A2DC0243800BC98BB /* Resources */ = {
			isa = PBXResourcesBuildPhase;
			buildActionMask = 2147483647;
			files = (
			);
			runOnlyForDeploymentPostprocessing = 0;
		};
/* End PBXResourcesBuildPhase section */

/* Begin PBXSourcesBuildPhase section */
		4BD6A06E2DC0243400BC98BB /* Sources */ = {
			isa = PBXSourcesBuildPhase;
			buildActionMask = 2147483647;
			files = (
				4BD6A0782DC0243400BC98BB /* ContentView.swift in Sources */,
				4BCB3AC32DC2CA6F004F173A /* resultView.swift in Sources */,
				4BD6A0A22DC02F2B00BC98BB /* quizView.swift in Sources */,
				4BD6A0762DC0243400BC98BB /* QuizAppApp.swift in Sources */,
			);
			runOnlyForDeploymentPostprocessing = 0;
		};
		4BD6A07E2DC0243800BC98BB /* Sources */ = {
			isa = PBXSourcesBuildPhase;
			buildActionMask = 2147483647;
			files = (
				4BD6A0872DC0243800BC98BB /* QuizAppTests.swift in Sources */,
			);
			runOnlyForDeploymentPostprocessing = 0;
		};
		4BD6A0882DC0243800BC98BB /* Sources */ = {
			isa = PBXSourcesBuildPhase;
			buildActionMask = 2147483647;
			files = (
				4BD6A0912DC0243800BC98BB /* QuizAppUITests.swift in Sources */,
				4BD6A0932DC0243800BC98BB /* QuizAppUITestsLaunchTests.swift in Sources */,
			);
			runOnlyForDeploymentPostprocessing = 0;
		};
/* End PBXSourcesBuildPhase section */

/* Begin PBXTargetDependency section */
		4BD6A0842DC0243800BC98BB /* PBXTargetDependency */ = {
			isa = PBXTargetDependency;
			target = 4BD6A0712DC0243400BC98BB /* QuizApp */;
			targetProxy = 4BD6A0832DC0243800BC98BB /* PBXContainerItemProxy */;
		};
		4BD6A08E2DC0243800BC98BB /* PBXTargetDependency */ = {
			isa = PBXTargetDependency;
			target = 4BD6A0712DC0243400BC98BB /* QuizApp */;
			targetProxy = 4BD6A08D2DC0243800BC98BB /* PBXContainerItemProxy */;
		};
/* End PBXTargetDependency section */

/* Begin XCBuildConfiguration section */
		4BD6A0942DC0243800BC98BB /* Debug */ = {
			isa = XCBuildConfiguration;
			buildSettings = {
				ALWAYS_SEARCH_USER_PATHS = NO;
				ASSETCATALOG_COMPILER_GENERATE_SWIFT_ASSET_SYMBOL_EXTENSIONS = YES;
				CLANG_ANALYZER_NONNULL = YES;
				CLANG_ANALYZER_NUMBER_OBJECT_CONVERSION = YES_AGGRESSIVE;
				CLANG_CXX_LANGUAGE_STANDARD = "gnu++20";
				CLANG_ENABLE_MODULES = YES;
				CLANG_ENABLE_OBJC_ARC = YES;
				CLANG_ENABLE_OBJC_WEAK = YES;
				CLANG_WARN_BLOCK_CAPTURE_AUTORELEASING = YES;
				CLANG_WARN_BOOL_CONVERSION = YES;
				CLANG_WARN_COMMA = YES;
				CLANG_WARN_CONSTANT_CONVERSION = YES;
				CLANG_WARN_DEPRECATED_OBJC_IMPLEMENTATIONS = YES;
				CLANG_WARN_DIRECT_OBJC_ISA_USAGE = YES_ERROR;
				CLANG_WARN_DOCUMENTATION_COMMENTS = YES;
				CLANG_WARN_EMPTY_BODY = YES;
				CLANG_WARN_ENUM_CONVERSION = YES;
				CLANG_WARN_INFINITE_RECURSION = YES;
				CLANG_WARN_INT_CONVERSION = YES;
				CLANG_WARN_NON_LITERAL_NULL_CONVERSION = YES;
				CLANG_WARN_OBJC_IMPLICIT_RETAIN_SELF = YES;
				CLANG_WARN_OBJC_LITERAL_CONVERSION = YES;
				CLANG_WARN_OBJC_ROOT_CLASS = YES_ERROR;
				CLANG_WARN_QUOTED_INCLUDE_IN_FRAMEWORK_HEADER = YES;
				CLANG_WARN_RANGE_LOOP_ANALYSIS = YES;
				CLANG_WARN_STRICT_PROTOTYPES = YES;
				CLANG_WARN_SUSPICIOUS_MOVE = YES;
				CLANG_WARN_UNGUARDED_AVAILABILITY = YES_AGGRESSIVE;
				CLANG_WARN_UNREACHABLE_CODE = YES;
				CLANG_WARN__DUPLICATE_METHOD_MATCH = YES;
				COPY_PHASE_STRIP = NO;
				DEBUG_INFORMATION_FORMAT = dwarf;
				ENABLE_STRICT_OBJC_MSGSEND = YES;
				ENABLE_TESTABILITY = YES;
				ENABLE_USER_SCRIPT_SANDBOXING = YES;
				GCC_C_LANGUAGE_STANDARD = gnu17;
				GCC_DYNAMIC_NO_PIC = NO;
				GCC_NO_COMMON_BLOCKS = YES;
				GCC_OPTIMIZATION_LEVEL = 0;
				GCC_PREPROCESSOR_DEFINITIONS = (
					"DEBUG=1",
					"$(inherited)",
				);
				GCC_WARN_64_TO_32_BIT_CONVERSION = YES;
				GCC_WARN_ABOUT_RETURN_TYPE = YES_ERROR;
				GCC_WARN_UNDECLARED_SELECTOR = YES;
				GCC_WARN_UNINITIALIZED_AUTOS = YES_AGGRESSIVE;
				GCC_WARN_UNUSED_FUNCTION = YES;
				GCC_WARN_UNUSED_VARIABLE = YES;
				IPHONEOS_DEPLOYMENT_TARGET = 17.2;
				LOCALIZATION_PREFERS_STRING_CATALOGS = YES;
				MTL_ENABLE_DEBUG_INFO = INCLUDE_SOURCE;
				MTL_FAST_MATH = YES;
				ONLY_ACTIVE_ARCH = YES;
				SDKROOT = iphoneos;
				SWIFT_ACTIVE_COMPILATION_CONDITIONS = "DEBUG $(inherited)";
				SWIFT_OPTIMIZATION_LEVEL = "-Onone";
			};
			name = Debug;
		};
		4BD6A0952DC0243800BC98BB /* Release */ = {
			isa = XCBuildConfiguration;
			buildSettings = {
				ALWAYS_SEARCH_USER_PATHS = NO;
				ASSETCATALOG_COMPILER_GENERATE_SWIFT_ASSET_SYMBOL_EXTENSIONS = YES;
				CLANG_ANALYZER_NONNULL = YES;
				CLANG_ANALYZER_NUMBER_OBJECT_CONVERSION = YES_AGGRESSIVE;
				CLANG_CXX_LANGUAGE_STANDARD = "gnu++20";
				CLANG_ENABLE_MODULES = YES;
				CLANG_ENABLE_OBJC_ARC = YES;
				CLANG_ENABLE_OBJC_WEAK = YES;
				CLANG_WARN_BLOCK_CAPTURE_AUTORELEASING = YES;
				CLANG_WARN_BOOL_CONVERSION = YES;
				CLANG_WARN_COMMA = YES;
				CLANG_WARN_CONSTANT_CONVERSION = YES;
				CLANG_WARN_DEPRECATED_OBJC_IMPLEMENTATIONS = YES;
				CLANG_WARN_DIRECT_OBJC_ISA_USAGE = YES_ERROR;
				CLANG_WARN_DOCUMENTATION_COMMENTS = YES;
				CLANG_WARN_EMPTY_BODY = YES;
				CLANG_WARN_ENUM_CONVERSION = YES;
				CLANG_WARN_INFINITE_RECURSION = YES;
				CLANG_WARN_INT_CONVERSION = YES;
				CLANG_WARN_NON_LITERAL_NULL_CONVERSION = YES;
				CLANG_WARN_OBJC_IMPLICIT_RETAIN_SELF = YES;
				CLANG_WARN_OBJC_LITERAL_CONVERSION = YES;
				CLANG_WARN_OBJC_ROOT_CLASS = YES_ERROR;
				CLANG_WARN_QUOTED_INCLUDE_IN_FRAMEWORK_HEADER = YES;
				CLANG_WARN_RANGE_LOOP_ANALYSIS = YES;
				CLANG_WARN_STRICT_PROTOTYPES = YES;
				CLANG_WARN_SUSPICIOUS_MOVE = YES;
				CLANG_WARN_UNGUARDED_AVAILABILITY = YES_AGGRESSIVE;
				CLANG_WARN_UNREACHABLE_CODE = YES;
				CLANG_WARN__DUPLICATE_METHOD_MATCH = YES;
				COPY_PHASE_STRIP = NO;
				DEBUG_INFORMATION_FORMAT = "dwarf-with-dsym";
				ENABLE_NS_ASSERTIONS = NO;
				ENABLE_STRICT_OBJC_MSGSEND = YES;
				ENABLE_USER_SCRIPT_SANDBOXING = YES;
				GCC_C_LANGUAGE_STANDARD = gnu17;
				GCC_NO_COMMON_BLOCKS = YES;
				GCC_WARN_64_TO_32_BIT_CONVERSION = YES;
				GCC_WARN_ABOUT_RETURN_TYPE = YES_ERROR;
				GCC_WARN_UNDECLARED_SELECTOR = YES;
				GCC_WARN_UNINITIALIZED_AUTOS = YES_AGGRESSIVE;
				GCC_WARN_UNUSED_FUNCTION = YES;
				GCC_WARN_UNUSED_VARIABLE = YES;
				IPHONEOS_DEPLOYMENT_TARGET = 17.2;
				LOCALIZATION_PREFERS_STRING_CATALOGS = YES;
				MTL_ENABLE_DEBUG_INFO = NO;
				MTL_FAST_MATH = YES;
				SDKROOT = iphoneos;
				SWIFT_COMPILATION_MODE = wholemodule;
				VALIDATE_PRODUCT = YES;
			};
			name = Release;
		};
		4BD6A0972DC0243800BC98BB /* Debug */ = {
			isa = XCBuildConfiguration;
			buildSettings = {
				ASSETCATALOG_COMPILER_APPICON_NAME = AppIcon;
				ASSETCATALOG_COMPILER_GLOBAL_ACCENT_COLOR_NAME = AccentColor;
				CODE_SIGN_STYLE = Automatic;
				CURRENT_PROJECT_VERSION = 1;
				DEVELOPMENT_ASSET_PATHS = "\"QuizApp/Preview Content\"";
				ENABLE_PREVIEWS = YES;
				GENERATE_INFOPLIST_FILE = YES;
				INFOPLIST_KEY_UIApplicationSceneManifest_Generation = YES;
				INFOPLIST_KEY_UIApplicationSupportsIndirectInputEvents = YES;
				INFOPLIST_KEY_UILaunchScreen_Generation = YES;
				INFOPLIST_KEY_UISupportedInterfaceOrientations_iPad = "UIInterfaceOrientationPortrait UIInterfaceOrientationPortraitUpsideDown UIInterfaceOrientationLandscapeLeft UIInterfaceOrientationLandscapeRight";
				INFOPLIST_KEY_UISupportedInterfaceOrientations_iPhone = "UIInterfaceOrientationPortrait UIInterfaceOrientationLandscapeLeft UIInterfaceOrientationLandscapeRight";
				LD_RUNPATH_SEARCH_PATHS = (
					"$(inherited)",
					"@executable_path/Frameworks",
				);
				MARKETING_VERSION = 1.0;
				PRODUCT_BUNDLE_IDENTIFIER = student.QuizApp;
				PRODUCT_NAME = "$(TARGET_NAME)";
				SWIFT_EMIT_LOC_STRINGS = YES;
				SWIFT_VERSION = 5.0;
				TARGETED_DEVICE_FAMILY = "1,2";
			};
			name = Debug;
		};
		4BD6A0982DC0243800BC98BB /* Release */ = {
			isa = XCBuildConfiguration;
			buildSettings = {
				ASSETCATALOG_COMPILER_APPICON_NAME = AppIcon;
				ASSETCATALOG_COMPILER_GLOBAL_ACCENT_COLOR_NAME = AccentColor;
				CODE_SIGN_STYLE = Automatic;
				CURRENT_PROJECT_VERSION = 1;
				DEVELOPMENT_ASSET_PATHS = "\"QuizApp/Preview Content\"";
				ENABLE_PREVIEWS = YES;
				GENERATE_INFOPLIST_FILE = YES;
				INFOPLIST_KEY_UIApplicationSceneManifest_Generation = YES;
				INFOPLIST_KEY_UIApplicationSupportsIndirectInputEvents = YES;
				INFOPLIST_KEY_UILaunchScreen_Generation = YES;
				INFOPLIST_KEY_UISupportedInterfaceOrientations_iPad = "UIInterfaceOrientationPortrait UIInterfaceOrientationPortraitUpsideDown UIInterfaceOrientationLandscapeLeft UIInterfaceOrientationLandscapeRight";
				INFOPLIST_KEY_UISupportedInterfaceOrientations_iPhone = "UIInterfaceOrientationPortrait UIInterfaceOrientationLandscapeLeft UIInterfaceOrientationLandscapeRight";
				LD_RUNPATH_SEARCH_PATHS = (
					"$(inherited)",
					"@executable_path/Frameworks",
				);
				MARKETING_VERSION = 1.0;
				PRODUCT_BUNDLE_IDENTIFIER = student.QuizApp;
				PRODUCT_NAME = "$(TARGET_NAME)";
				SWIFT_EMIT_LOC_STRINGS = YES;
				SWIFT_VERSION = 5.0;
				TARGETED_DEVICE_FAMILY = "1,2";
			};
			name = Release;
		};
		4BD6A09A2DC0243800BC98BB /* Debug */ = {
			isa = XCBuildConfiguration;
			buildSettings = {
				ALWAYS_EMBED_SWIFT_STANDARD_LIBRARIES = YES;
				BUNDLE_LOADER = "$(TEST_HOST)";
				CODE_SIGN_STYLE = Automatic;
				CURRENT_PROJECT_VERSION = 1;
				GENERATE_INFOPLIST_FILE = YES;
				IPHONEOS_DEPLOYMENT_TARGET = 17.2;
				MARKETING_VERSION = 1.0;
				PRODUCT_BUNDLE_IDENTIFIER = student.QuizAppTests;
				PRODUCT_NAME = "$(TARGET_NAME)";
				SWIFT_EMIT_LOC_STRINGS = NO;
				SWIFT_VERSION = 5.0;
				TARGETED_DEVICE_FAMILY = "1,2";
				TEST_HOST = "$(BUILT_PRODUCTS_DIR)/QuizApp.app/$(BUNDLE_EXECUTABLE_FOLDER_PATH)/QuizApp";
			};
			name = Debug;
		};
		4BD6A09B2DC0243800BC98BB /* Release */ = {
			isa = XCBuildConfiguration;
			buildSettings = {
				ALWAYS_EMBED_SWIFT_STANDARD_LIBRARIES = YES;
				BUNDLE_LOADER = "$(TEST_HOST)";
				CODE_SIGN_STYLE = Automatic;
				CURRENT_PROJECT_VERSION = 1;
				GENERATE_INFOPLIST_FILE = YES;
				IPHONEOS_DEPLOYMENT_TARGET = 17.2;
				MARKETING_VERSION = 1.0;
				PRODUCT_BUNDLE_IDENTIFIER = student.QuizAppTests;
				PRODUCT_NAME = "$(TARGET_NAME)";
				SWIFT_EMIT_LOC_STRINGS = NO;
				SWIFT_VERSION = 5.0;
				TARGETED_DEVICE_FAMILY = "1,2";
				TEST_HOST = "$(BUILT_PRODUCTS_DIR)/QuizApp.app/$(BUNDLE_EXECUTABLE_FOLDER_PATH)/QuizApp";
			};
			name = Release;
		};
		4BD6A09D2DC0243800BC98BB /* Debug */ = {
			isa = XCBuildConfiguration;
			buildSettings = {
				ALWAYS_EMBED_SWIFT_STANDARD_LIBRARIES = YES;
				CODE_SIGN_STYLE = Automatic;
				CURRENT_PROJECT_VERSION = 1;
				GENERATE_INFOPLIST_FILE = YES;
				MARKETING_VERSION = 1.0;
				PRODUCT_BUNDLE_IDENTIFIER = student.QuizAppUITests;
				PRODUCT_NAME = "$(TARGET_NAME)";
				SWIFT_EMIT_LOC_STRINGS = NO;
				SWIFT_VERSION = 5.0;
				TARGETED_DEVICE_FAMILY = "1,2";
				TEST_TARGET_NAME = QuizApp;
			};
			name = Debug;
		};
		4BD6A09E2DC0243800BC98BB /* Release */ = {
			isa = XCBuildConfiguration;
			buildSettings = {
				ALWAYS_EMBED_SWIFT_STANDARD_LIBRARIES = YES;
				CODE_SIGN_STYLE = Automatic;
				CURRENT_PROJECT_VERSION = 1;
				GENERATE_INFOPLIST_FILE = YES;
				MARKETING_VERSION = 1.0;
				PRODUCT_BUNDLE_IDENTIFIER = student.QuizAppUITests;
				PRODUCT_NAME = "$(TARGET_NAME)";
				SWIFT_EMIT_LOC_STRINGS = NO;
				SWIFT_VERSION = 5.0;
				TARGETED_DEVICE_FAMILY = "1,2";
				TEST_TARGET_NAME = QuizApp;
			};
			name = Release;
		};
/* End XCBuildConfiguration section */

/* Begin XCConfigurationList section */
		4BD6A06D2DC0243400BC98BB /* Build configuration list for PBXProject "QuizApp" */ = {
			isa = XCConfigurationList;
			buildConfigurations = (
				4BD6A0942DC0243800BC98BB /* Debug */,
				4BD6A0952DC0243800BC98BB /* Release */,
			);
			defaultConfigurationIsVisible = 0;
			defaultConfigurationName = Release;
		};
		4BD6A0962DC0243800BC98BB /* Build configuration list for PBXNativeTarget "QuizApp" */ = {
			isa = XCConfigurationList;
			buildConfigurations = (
				4BD6A0972DC0243800BC98BB /* Debug */,
				4BD6A0982DC0243800BC98BB /* Release */,
			);
			defaultConfigurationIsVisible = 0;
			defaultConfigurationName = Release;
		};
		4BD6A0992DC0243800BC98BB /* Build configuration list for PBXNativeTarget "QuizAppTests" */ = {
			isa = XCConfigurationList;
			buildConfigurations = (
				4BD6A09A2DC0243800BC98BB /* Debug */,
				4BD6A09B2DC0243800BC98BB /* Release */,
			);
			defaultConfigurationIsVisible = 0;
			defaultConfigurationName = Release;
		};
		4BD6A09C2DC0243800BC98BB /* Build configuration list for PBXNativeTarget "QuizAppUITests" */ = {
			isa = XCConfigurationList;
			buildConfigurations = (
				4BD6A09D2DC0243800BC98BB /* Debug */,
				4BD6A09E2DC0243800BC98BB /* Release */,
			);
			defaultConfigurationIsVisible = 0;
			defaultConfigurationName = Release;
		};
/* End XCConfigurationList section */
	};
	rootObject = 4BD6A06A2DC0243400BC98BB /* Project object */;
}
